
Microsoft Visual Studio Solution File, Format Version 12.00
# Visual Studio Version 16
VisualStudioVersion = 16.0.31229.75
MinimumVisualStudioVersion = 10.0.40219.1
Project("{FAE04EC0-301F-11D3-BF4B-00C04F79EFBC}") = "WPF_MovieEntryAssignment", "WPF_MovieEntryAssignment\WPF_MovieEntryAssignment.csproj", "{CFA01FA3-20A7-407B-BE3C-7ABA6368E426}"
EndProject
Global
	GlobalSection(SolutionConfigurationPlatforms) = preSolution
		Debug|Any CPU = Debug|Any CPU
		Release|Any CPU = Release|Any CPU
	EndGlobalSection
	GlobalSection(ProjectConfigurationPlatforms) = postSolution
		{CFA01FA3-20A7-407B-BE3C-7ABA6368E426}.Debug|Any CPU.ActiveCfg = Debug|Any CPU
		{CFA01FA3-20A7-407B-BE3C-7ABA6368E426}.Debug|Any CPU.Build.0 = Debug|Any CPU
		{CFA01FA3-20A7-407B-BE3C-7ABA6368E426}.Release|Any CPU.ActiveCfg = Release|Any CPU
		{CFA01FA3-20A7-407B-BE3C-7ABA6368E426}.Release|Any CPU.Build.0 = Release|Any CPU
	EndGlobalSection
	GlobalSection(SolutionProperties) = preSolution
		HideSolutionNode = FALSE
	EndGlobalSection
	GlobalSection(ExtensibilityGlobals) = postSolution
		SolutionGuid = {2EFF5993-63E7-476B-B9E7-5818F9F96DA5}
	EndGlobalSection
EndGlobal
